{
    "_readme": [
        "This file locks the dependencies of your project to a known state",
        "Read more about it at https://getcomposer.org/doc/01-basic-usage.md#composer-lock-the-lock-file",
        "This file is @generated automatically"
    ],
    "content-hash": "c8e00ed39b1968bf3149af2f496d49f1",
    "packages": [
        {
            "name": "psr/log",
            "version": "1.0.2",
            "source": {
                "type": "git",
                "url": "https://github.com/php-fig/log.git",
                "reference": "4ebe3a8bf773a19edfe0a84b6585ba3d401b724d"
            },
            "dist": {
                "type": "zip",
                "url": "https://api.github.com/repos/php-fig/log/zipball/4ebe3a8bf773a19edfe0a84b6585ba3d401b724d",
                "reference": "4ebe3a8bf773a19edfe0a84b6585ba3d401b724d",
                "shasum": ""
            },
            "require": {
                "php": ">=5.3.0"
            },
            "type": "library",
            "extra": {
                "branch-alias": {
                    "dev-master": "1.0.x-dev"
                }
            },
            "autoload": {
                "psr-4": {
                    "Psr\\Log\\": "Psr/Log/"
                }
            },
            "notification-url": "https://packagist.org/downloads/",
            "license": [
                "MIT"
            ],
            "authors": [
                {
                    "name": "PHP-FIG",
                    "homepage": "http://www.php-fig.org/"
                }
            ],
            "description": "Common interface for logging libraries",
            "homepage": "https://github.com/php-fig/log",
            "keywords": [
                "log",
                "psr",
                "psr-3"
            ],
            "time": "2016-10-10T12:19:37+00:00"
        },
        {
            "name": "spipu/html2pdf",
            "version": "v5.1.0",
            "source": {
                "type": "git",
                "url": "https://github.com/spipu/html2pdf.git",
                "reference": "7953415df897c2c9450d7a90480f18f7e044a2e9"
            },
            "dist": {
                "type": "zip",
                "url": "https://api.github.com/repos/spipu/html2pdf/zipball/7953415df897c2c9450d7a90480f18f7e044a2e9",
                "reference": "7953415df897c2c9450d7a90480f18f7e044a2e9",
                "shasum": ""
            },
            "require": {
                "php": "^5.4 || ^7.0",
                "tecnickcom/tcpdf": "^6.2"
            },
            "require-dev": {
                "phake/phake": "^2.0",
                "phpunit/phpunit": "^4.0 || ^5.0",
                "squizlabs/php_codesniffer": "^3.0"
            },
            "suggest": {
                "ext-gd": "Allows to embed images into the PDF",
                "fagundes/zff-html2pdf": "if you need to integrate Html2Pdf with Zend Framework 2 (zf2)"
            },
            "type": "library",
            "autoload": {
                "psr-4": {
                    "Spipu\\Html2Pdf\\": "src/"
                }
            },
            "notification-url": "https://packagist.org/downloads/",
            "license": [
                "OSL-3.0"
            ],
            "authors": [
                {
                    "name": "Spipu",
                    "homepage": "https://github.com/spipu",
                    "role": "Developer"
                }
            ],
            "description": "Html2Pdf is a HTML to PDF converter written in PHP5 (it uses TCPDF). OFFICIAL PACKAGE",
            "homepage": "http://html2pdf.fr/",
            "keywords": [
                "html",
                "html2pdf",
                "pdf"
            ],
            "time": "2018-01-23T13:32:32+00:00"
        },
        {
            "name": "symfony/debug",
            "version": "v3.4.4",
            "source": {
                "type": "git",
                "url": "https://github.com/symfony/debug.git",
                "reference": "53f6af2805daf52a43b393b93d2f24925d35c937"
            },
            "dist": {
                "type": "zip",
                "url": "https://api.github.com/repos/symfony/debug/zipball/53f6af2805daf52a43b393b93d2f24925d35c937",
                "reference": "53f6af2805daf52a43b393b93d2f24925d35c937",
                "shasum": ""
            },
            "require": {
                "php": "^5.5.9|>=7.0.8",
                "psr/log": "~1.0"
            },
            "conflict": {
                "symfony/http-kernel": ">=2.3,<2.3.24|~2.4.0|>=2.5,<2.5.9|>=2.6,<2.6.2"
            },
            "require-dev": {
                "symfony/http-kernel": "~2.8|~3.0|~4.0"
            },
            "type": "library",
            "extra": {
                "branch-alias": {
                    "dev-master": "3.4-dev"
                }
            },
            "autoload": {
                "psr-4": {
                    "Symfony\\Component\\Debug\\": ""
                },
                "exclude-from-classmap": [
                    "/Tests/"
                ]
            },
            "notification-url": "https://packagist.org/downloads/",
            "license": [
                "MIT"
            ],
            "authors": [
                {
                    "name": "Fabien Potencier",
                    "email": "fabien@symfony.com"
                },
                {
                    "name": "Symfony Community",
                    "homepage": "https://symfony.com/contributors"
                }
            ],
            "description": "Symfony Debug Component",
            "homepage": "https://symfony.com",
            "time": "2018-01-18T22:16:57+00:00"
        },
        {
            "name": "tecnickcom/tcpdf",
            "version": "6.2.16",
            "source": {
                "type": "git",
                "url": "https://github.com/tecnickcom/TCPDF.git",
                "reference": "3527098537e6061b752fc261a44563489c927889"
            },
            "dist": {
                "type": "zip",
                "url": "https://api.github.com/repos/tecnickcom/TCPDF/zipball/3527098537e6061b752fc261a44563489c927889",
                "reference": "3527098537e6061b752fc261a44563489c927889",
                "shasum": ""
            },
            "require": {
                "php": ">=5.3.0"
            },
            "type": "library",
            "autoload": {
                "classmap": [
                    "config",
                    "include",
                    "tcpdf.php",
                    "tcpdf_parser.php",
                    "tcpdf_import.php",
                    "tcpdf_barcodes_1d.php",
                    "tcpdf_barcodes_2d.php",
                    "include/tcpdf_colors.php",
                    "include/tcpdf_filters.php",
                    "include/tcpdf_font_data.php",
                    "include/tcpdf_fonts.php",
                    "include/tcpdf_images.php",
                    "include/tcpdf_static.php",
                    "include/barcodes/datamatrix.php",
                    "include/barcodes/pdf417.php",
                    "include/barcodes/qrcode.php"
                ]
            },
            "notification-url": "https://packagist.org/downloads/",
            "license": [
                "LGPL-3.0"
            ],
            "authors": [
                {
                    "name": "Nicola Asuni",
                    "email": "info@tecnick.com",
                    "role": "lead"
                }
            ],
            "description": "TCPDF is a PHP class for generating PDF documents and barcodes.",
            "homepage": "http://www.tcpdf.org/",
            "keywords": [
                "PDFD32000-2008",
                "TCPDF",
                "barcodes",
                "datamatrix",
                "pdf",
                "pdf417",
                "qrcode"
            ],
            "time": "2018-02-19T15:01:27+00:00"
        }
    ],
    "packages-dev": [],
    "aliases": [],
    "minimum-stability": "stable",
    "stability-flags": [],
    "prefer-stable": false,
    "prefer-lowest": false,
    "platform": [],
    "platform-dev": []
}
